// !$*UTF8*$!
{
	archiveVersion = 1;
	classes = {
	};
	objectVersion = 46;
	objects = {

/* Begin PBXBuildFile section */
		01C4F2451879CF9D00CA9A41 /* Foundation.framework in Frameworks */ = {isa = PBXBuildFile; fileRef = 01C4F2441879CF9D00CA9A41 /* Foundation.framework */; };
		01C4F2471879CF9D00CA9A41 /* CoreGraphics.framework in Frameworks */ = {isa = PBXBuildFile; fileRef = 01C4F2461879CF9D00CA9A41 /* CoreGraphics.framework */; };
		01C4F2491879CF9D00CA9A41 /* UIKit.framework in Frameworks */ = {isa = PBXBuildFile; fileRef = 01C4F2481879CF9D00CA9A41 /* UIKit.framework */; };
		01C4F24F1879CF9D00CA9A41 /* InfoPlist.strings in Resources */ = {isa = PBXBuildFile; fileRef = 01C4F24D1879CF9D00CA9A41 /* InfoPlist.strings */; };
		01C4F2511879CF9D00CA9A41 /* main.m in Sources */ = {isa = PBXBuildFile; fileRef = 01C4F2501879CF9D00CA9A41 /* main.m */; };
		01C4F2551879CF9D00CA9A41 /* AppDelegate.m in Sources */ = {isa = PBXBuildFile; fileRef = 01C4F2541879CF9D00CA9A41 /* AppDelegate.m */; };
		01C4F2571879CF9D00CA9A41 /* Images.xcassets in Resources */ = {isa = PBXBuildFile; fileRef = 01C4F2561879CF9D00CA9A41 /* Images.xcassets */; };
		01C4F27B1879D13F00CA9A41 /* MSSlidingPanelController.m in Sources */ = {isa = PBXBuildFile; fileRef = 01C4F2781879D13F00CA9A41 /* MSSlidingPanelController.m */; };
		01C4F27C1879D13F00CA9A41 /* MSViewControllerSlidingPanel.m in Sources */ = {isa = PBXBuildFile; fileRef = 01C4F27A1879D13F00CA9A41 /* MSViewControllerSlidingPanel.m */; };
		01C4F28B1879D17F00CA9A41 /* CenterViewController.m in Sources */ = {isa = PBXBuildFile; fileRef = 01C4F27E1879D17F00CA9A41 /* CenterViewController.m */; };
		01C4F28C1879D17F00CA9A41 /* Color.m in Sources */ = {isa = PBXBuildFile; fileRef = 01C4F2801879D17F00CA9A41 /* Color.m */; };
		01C4F28D1879D17F00CA9A41 /* LeftPanelViewController.m in Sources */ = {isa = PBXBuildFile; fileRef = 01C4F2821879D17F00CA9A41 /* LeftPanelViewController.m */; };
		01C4F28E1879D17F00CA9A41 /* NavigationBarButton.m in Sources */ = {isa = PBXBuildFile; fileRef = 01C4F2841879D17F00CA9A41 /* NavigationBarButton.m */; };
		01C4F28F1879D17F00CA9A41 /* RightPanelViewController.m in Sources */ = {isa = PBXBuildFile; fileRef = 01C4F2861879D17F00CA9A41 /* RightPanelViewController.m */; };
		01C4F2901879D17F00CA9A41 /* TableViewItem.m in Sources */ = {isa = PBXBuildFile; fileRef = 01C4F2881879D17F00CA9A41 /* TableViewItem.m */; };
		01C4F2911879D17F00CA9A41 /* TableViewSection.m in Sources */ = {isa = PBXBuildFile; fileRef = 01C4F28A1879D17F00CA9A41 /* TableViewSection.m */; };
/* End PBXBuildFile section */

/* Begin PBXFileReference section */
		01C4F2411879CF9D00CA9A41 /* SlidingPanelController.app */ = {isa = PBXFileReference; explicitFileType = wrapper.application; includeInIndex = 0; path = SlidingPanelController.app; sourceTree = BUILT_PRODUCTS_DIR; };
		01C4F2441879CF9D00CA9A41 /* Foundation.framework */ = {isa = PBXFileReference; lastKnownFileType = wrapper.framework; name = Foundation.framework; path = System/Library/Frameworks/Foundation.framework; sourceTree = SDKROOT; };
		01C4F2461879CF9D00CA9A41 /* CoreGraphics.framework */ = {isa = PBXFileReference; lastKnownFileType = wrapper.framework; name = CoreGraphics.framework; path = System/Library/Frameworks/CoreGraphics.framework; sourceTree = SDKROOT; };
		01C4F2481879CF9D00CA9A41 /* UIKit.framework */ = {isa = PBXFileReference; lastKnownFileType = wrapper.framework; name = UIKit.framework; path = System/Library/Frameworks/UIKit.framework; sourceTree = SDKROOT; };
		01C4F24C1879CF9D00CA9A41 /* SlidingPanelController-Info.plist */ = {isa = PBXFileReference; lastKnownFileType = text.plist.xml; path = "SlidingPanelController-Info.plist"; sourceTree = "<group>"; };
		01C4F24E1879CF9D00CA9A41 /* en */ = {isa = PBXFileReference; lastKnownFileType = text.plist.strings; name = en; path = en.lproj/InfoPlist.strings; sourceTree = "<group>"; };
		01C4F2501879CF9D00CA9A41 /* main.m */ = {isa = PBXFileReference; lastKnownFileType = sourcecode.c.objc; path = main.m; sourceTree = "<group>"; };
		01C4F2521879CF9D00CA9A41 /* SlidingPanelController-Prefix.pch */ = {isa = PBXFileReference; lastKnownFileType = sourcecode.c.h; path = "SlidingPanelController-Prefix.pch"; sourceTree = "<group>"; };
		01C4F2531879CF9D00CA9A41 /* AppDelegate.h */ = {isa = PBXFileReference; lastKnownFileType = sourcecode.c.h; path = AppDelegate.h; sourceTree = "<group>"; };
		01C4F2541879CF9D00CA9A41 /* AppDelegate.m */ = {isa = PBXFileReference; lastKnownFileType = sourcecode.c.objc; path = AppDelegate.m; sourceTree = "<group>"; };
		01C4F2561879CF9D00CA9A41 /* Images.xcassets */ = {isa = PBXFileReference; lastKnownFileType = folder.assetcatalog; path = Images.xcassets; sourceTree = "<group>"; };
		01C4F2771879D13F00CA9A41 /* MSSlidingPanelController.h */ = {isa = PBXFileReference; fileEncoding = 4; lastKnownFileType = sourcecode.c.h; name = MSSlidingPanelController.h; path = ../../MSSlidingPanelController/MSSlidingPanelController.h; sourceTree = "<group>"; };
		01C4F2781879D13F00CA9A41 /* MSSlidingPanelController.m */ = {isa = PBXFileReference; fileEncoding = 4; lastKnownFileType = sourcecode.c.objc; name = MSSlidingPanelController.m; path = ../../MSSlidingPanelController/MSSlidingPanelController.m; sourceTree = "<group>"; };
		01C4F2791879D13F00CA9A41 /* MSViewControllerSlidingPanel.h */ = {isa = PBXFileReference; fileEncoding = 4; lastKnownFileType = sourcecode.c.h; name = MSViewControllerSlidingPanel.h; path = ../../MSSlidingPanelController/MSViewControllerSlidingPanel.h; sourceTree = "<group>"; };
		01C4F27A1879D13F00CA9A41 /* MSViewControllerSlidingPanel.m */ = {isa = PBXFileReference; fileEncoding = 4; lastKnownFileType = sourcecode.c.objc; name = MSViewControllerSlidingPanel.m; path = ../../MSSlidingPanelController/MSViewControllerSlidingPanel.m; sourceTree = "<group>"; };
		01C4F27D1879D17F00CA9A41 /* CenterViewController.h */ = {isa = PBXFileReference; fileEncoding = 4; lastKnownFileType = sourcecode.c.h; path = CenterViewController.h; sourceTree = "<group>"; };
		01C4F27E1879D17F00CA9A41 /* CenterViewController.m */ = {isa = PBXFileReference; fileEncoding = 4; lastKnownFileType = sourcecode.c.objc; path = CenterViewController.m; sourceTree = "<group>"; };
		01C4F27F1879D17F00CA9A41 /* Color.h */ = {isa = PBXFileReference; fileEncoding = 4; lastKnownFileType = sourcecode.c.h; path = Color.h; sourceTree = "<group>"; };
		01C4F2801879D17F00CA9A41 /* Color.m */ = {isa = PBXFileReference; fileEncoding = 4; lastKnownFileType = sourcecode.c.objc; path = Color.m; sourceTree = "<group>"; };
		01C4F2811879D17F00CA9A41 /* LeftPanelViewController.h */ = {isa = PBXFileReference; fileEncoding = 4; lastKnownFileType = sourcecode.c.h; path = LeftPanelViewController.h; sourceTree = "<group>"; };
		01C4F2821879D17F00CA9A41 /* LeftPanelViewController.m */ = {isa = PBXFileReference; fileEncoding = 4; lastKnownFileType = sourcecode.c.objc; path = LeftPanelViewController.m; sourceTree = "<group>"; };
		01C4F2831879D17F00CA9A41 /* NavigationBarButton.h */ = {isa = PBXFileReference; fileEncoding = 4; lastKnownFileType = sourcecode.c.h; path = NavigationBarButton.h; sourceTree = "<group>"; };
		01C4F2841879D17F00CA9A41 /* NavigationBarButton.m */ = {isa = PBXFileReference; fileEncoding = 4; lastKnownFileType = sourcecode.c.objc; path = NavigationBarButton.m; sourceTree = "<group>"; };
		01C4F2851879D17F00CA9A41 /* RightPanelViewController.h */ = {isa = PBXFileReference; fileEncoding = 4; lastKnownFileType = sourcecode.c.h; path = RightPanelViewController.h; sourceTree = "<group>"; };
		01C4F2861879D17F00CA9A41 /* RightPanelViewController.m */ = {isa = PBXFileReference; fileEncoding = 4; lastKnownFileType = sourcecode.c.objc; path = RightPanelViewController.m; sourceTree = "<group>"; };
		01C4F2871879D17F00CA9A41 /* TableViewItem.h */ = {isa = PBXFileReference; fileEncoding = 4; lastKnownFileType = sourcecode.c.h; path = TableViewItem.h; sourceTree = "<group>"; };
		01C4F2881879D17F00CA9A41 /* TableViewItem.m */ = {isa = PBXFileReference; fileEncoding = 4; lastKnownFileType = sourcecode.c.objc; path = TableViewItem.m; sourceTree = "<group>"; };
		01C4F2891879D17F00CA9A41 /* TableViewSection.h */ = {isa = PBXFileReference; fileEncoding = 4; lastKnownFileType = sourcecode.c.h; path = TableViewSection.h; sourceTree = "<group>"; };
		01C4F28A1879D17F00CA9A41 /* TableViewSection.m */ = {isa = PBXFileReference; fileEncoding = 4; lastKnownFileType = sourcecode.c.objc; path = TableViewSection.m; sourceTree = "<group>"; };
/* End PBXFileReference section */

/* Begin PBXFrameworksBuildPhase section */
		01C4F23E1879CF9D00CA9A41 /* Frameworks */ = {
			isa = PBXFrameworksBuildPhase;
			buildActionMask = 2147483647;
			files = (
				01C4F2471879CF9D00CA9A41 /* CoreGraphics.framework in Frameworks */,
				01C4F2491879CF9D00CA9A41 /* UIKit.framework in Frameworks */,
				01C4F2451879CF9D00CA9A41 /* Foundation.framework in Frameworks */,
			);
			runOnlyForDeploymentPostprocessing = 0;
		};
/* End PBXFrameworksBuildPhase section */

/* Begin PBXGroup section */
		01C4F2381879CF9D00CA9A41 = {
			isa = PBXGroup;
			children = (
				01C4F24A1879CF9D00CA9A41 /* SlidingPanelController */,
				01C4F2431879CF9D00CA9A41 /* Frameworks */,
				01C4F2421879CF9D00CA9A41 /* Products */,
			);
			sourceTree = "<group>";
		};
		01C4F2421879CF9D00CA9A41 /* Products */ = {
			isa = PBXGroup;
			children = (
				01C4F2411879CF9D00CA9A41 /* SlidingPanelController.app */,
			);
			name = Products;
			sourceTree = "<group>";
		};
		01C4F2431879CF9D00CA9A41 /* Frameworks */ = {
			isa = PBXGroup;
			children = (
				01C4F2461879CF9D00CA9A41 /* CoreGraphics.framework */,
				01C4F2441879CF9D00CA9A41 /* Foundation.framework */,
				01C4F2481879CF9D00CA9A41 /* UIKit.framework */,
			);
			name = Frameworks;
			sourceTree = "<group>";
		};
		01C4F24A1879CF9D00CA9A41 /* SlidingPanelController */ = {
			isa = PBXGroup;
			children = (
				01C4F2741879D0F100CA9A41 /* Sources */,
				01C4F24B1879CF9D00CA9A41 /* Resources */,
			);
			path = SlidingPanelController;
			sourceTree = "<group>";
		};
		01C4F24B1879CF9D00CA9A41 /* Resources */ = {
			isa = PBXGroup;
			children = (
				01C4F2561879CF9D00CA9A41 /* Images.xcassets */,
				01C4F2731879CFFB00CA9A41 /* Others */,
			);
			name = Resources;
			sourceTree = "<group>";
		};
		01C4F2731879CFFB00CA9A41 /* Others */ = {
			isa = PBXGroup;
			children = (
				01C4F24D1879CF9D00CA9A41 /* InfoPlist.strings */,
				01C4F24C1879CF9D00CA9A41 /* SlidingPanelController-Info.plist */,
				01C4F2521879CF9D00CA9A41 /* SlidingPanelController-Prefix.pch */,
			);
			name = Others;
			sourceTree = "<group>";
		};
		01C4F2741879D0F100CA9A41 /* Sources */ = {
			isa = PBXGroup;
			children = (
				01C4F2501879CF9D00CA9A41 /* main.m */,
				01C4F2531879CF9D00CA9A41 /* AppDelegate.h */,
				01C4F2541879CF9D00CA9A41 /* AppDelegate.m */,
				01C4F2751879D0FA00CA9A41 /* Controllers */,
				01C4F2761879D10700CA9A41 /* SlidingPanelController */,
				01C4F2921879D18700CA9A41 /* Tools */,
			);
			name = Sources;
			sourceTree = "<group>";
		};
		01C4F2751879D0FA00CA9A41 /* Controllers */ = {
			isa = PBXGroup;
			children = (
				01C4F27D1879D17F00CA9A41 /* CenterViewController.h */,
				01C4F27E1879D17F00CA9A41 /* CenterViewController.m */,
				01C4F2811879D17F00CA9A41 /* LeftPanelViewController.h */,
				01C4F2821879D17F00CA9A41 /* LeftPanelViewController.m */,
				01C4F2851879D17F00CA9A41 /* RightPanelViewController.h */,
				01C4F2861879D17F00CA9A41 /* RightPanelViewController.m */,
			);
			name = Controllers;
			sourceTree = "<group>";
		};
		01C4F2761879D10700CA9A41 /* SlidingPanelController */ = {
			isa = PBXGroup;
			children = (
				01C4F2771879D13F00CA9A41 /* MSSlidingPanelController.h */,
				01C4F2781879D13F00CA9A41 /* MSSlidingPanelController.m */,
				01C4F2791879D13F00CA9A41 /* MSViewControllerSlidingPanel.h */,
				01C4F27A1879D13F00CA9A41 /* MSViewControllerSlidingPanel.m */,
			);
			name = SlidingPanelController;
			sourceTree = "<group>";
		};
		01C4F2921879D18700CA9A41 /* Tools */ = {
			isa = PBXGroup;
			children = (
				01C4F27F1879D17F00CA9A41 /* Color.h */,
				01C4F2801879D17F00CA9A41 /* Color.m */,
				01C4F2831879D17F00CA9A41 /* NavigationBarButton.h */,
				01C4F2841879D17F00CA9A41 /* NavigationBarButton.m */,
				01C4F2871879D17F00CA9A41 /* TableViewItem.h */,
				01C4F2881879D17F00CA9A41 /* TableViewItem.m */,
				01C4F2891879D17F00CA9A41 /* TableViewSection.h */,
				01C4F28A1879D17F00CA9A41 /* TableViewSection.m */,
			);
			name = Tools;
			sourceTree = "<group>";
		};
/* End PBXGroup section */

/* Begin PBXNativeTarget section */
		01C4F2401879CF9D00CA9A41 /* SlidingPanelController */ = {
			isa = PBXNativeTarget;
			buildConfigurationList = 01C4F26D1879CF9D00CA9A41 /* Build configuration list for PBXNativeTarget "SlidingPanelController" */;
			buildPhases = (
				01C4F23D1879CF9D00CA9A41 /* Sources */,
				01C4F23E1879CF9D00CA9A41 /* Frameworks */,
				01C4F23F1879CF9D00CA9A41 /* Resources */,
			);
			buildRules = (
			);
			dependencies = (
			);
			name = SlidingPanelController;
			productName = SlidingPanelController;
			productReference = 01C4F2411879CF9D00CA9A41 /* SlidingPanelController.app */;
			productType = "com.apple.product-type.application";
		};
/* End PBXNativeTarget section */

/* Begin PBXProject section */
		01C4F2391879CF9D00CA9A41 /* Project object */ = {
			isa = PBXProject;
			attributes = {
				LastUpgradeCheck = 0510;
				ORGANIZATIONNAME = "Sébastien MICHOY";
			};
			buildConfigurationList = 01C4F23C1879CF9D00CA9A41 /* Build configuration list for PBXProject "SlidingPanelController" */;
			compatibilityVersion = "Xcode 3.2";
			developmentRegion = English;
			hasScannedForEncodings = 0;
			knownRegions = (
				en,
			);
			mainGroup = 01C4F2381879CF9D00CA9A41;
			productRefGroup = 01C4F2421879CF9D00CA9A41 /* Products */;
			projectDirPath = "";
			projectRoot = "";
			targets = (
				01C4F2401879CF9D00CA9A41 /* SlidingPanelController */,
			);
		};
/* End PBXProject section */

/* Begin PBXResourcesBuildPhase section */
		01C4F23F1879CF9D00CA9A41 /* Resources */ = {
			isa = PBXResourcesBuildPhase;
			buildActionMask = 2147483647;
			files = (
				01C4F24F1879CF9D00CA9A41 /* InfoPlist.strings in Resources */,
				01C4F2571879CF9D00CA9A41 /* Images.xcassets in Resources */,
			);
			runOnlyForDeploymentPostprocessing = 0;
		};
/* End PBXResourcesBuildPhase section */

/* Begin PBXSourcesBuildPhase section */
		01C4F23D1879CF9D00CA9A41 /* Sources */ = {
			isa = PBXSourcesBuildPhase;
			buildActionMask = 2147483647;
			files = (
				01C4F28F1879D17F00CA9A41 /* RightPanelViewController.m in Sources */,
				01C4F27B1879D13F00CA9A41 /* MSSlidingPanelController.m in Sources */,
				01C4F28E1879D17F00CA9A41 /* NavigationBarButton.m in Sources */,
				01C4F2551879CF9D00CA9A41 /* AppDelegate.m in Sources */,
				01C4F2911879D17F00CA9A41 /* TableViewSection.m in Sources */,
				01C4F27C1879D13F00CA9A41 /* MSViewControllerSlidingPanel.m in Sources */,
				01C4F28C1879D17F00CA9A41 /* Color.m in Sources */,
				01C4F2511879CF9D00CA9A41 /* main.m in Sources */,
				01C4F28B1879D17F00CA9A41 /* CenterViewController.m in Sources */,
				01C4F2901879D17F00CA9A41 /* TableViewItem.m in Sources */,
				01C4F28D1879D17F00CA9A41 /* LeftPanelViewController.m in Sources */,
			);
			runOnlyForDeploymentPostprocessing = 0;
		};
/* End PBXSourcesBuildPhase section */

/* Begin PBXVariantGroup section */
		01C4F24D1879CF9D00CA9A41 /* InfoPlist.strings */ = {
			isa = PBXVariantGroup;
			children = (
				01C4F24E1879CF9D00CA9A41 /* en */,
			);
			name = InfoPlist.strings;
			sourceTree = "<group>";
		};
/* End PBXVariantGroup section */

/* Begin XCBuildConfiguration section */
		01C4F26B1879CF9D00CA9A41 /* Debug */ = {
			isa = XCBuildConfiguration;
			buildSettings = {
				ALWAYS_SEARCH_USER_PATHS = NO;
				CLANG_CXX_LANGUAGE_STANDARD = "gnu++0x";
				CLANG_CXX_LIBRARY = "libc++";
				CLANG_ENABLE_MODULES = YES;
				CLANG_ENABLE_OBJC_ARC = YES;
				CLANG_WARN_BOOL_CONVERSION = YES;
				CLANG_WARN_CONSTANT_CONVERSION = YES;
				CLANG_WARN_DIRECT_OBJC_ISA_USAGE = YES_ERROR;
				CLANG_WARN_EMPTY_BODY = YES;
				CLANG_WARN_ENUM_CONVERSION = YES;
				CLANG_WARN_INT_CONVERSION = YES;
				CLANG_WARN_OBJC_ROOT_CLASS = YES_ERROR;
				CLANG_WARN__DUPLICATE_METHOD_MATCH = YES;
				"CODE_SIGN_IDENTITY[sdk=iphoneos*]" = "iPhone Developer";
				COPY_PHASE_STRIP = NO;
				GCC_C_LANGUAGE_STANDARD = gnu99;
				GCC_DYNAMIC_NO_PIC = NO;
				GCC_OPTIMIZATION_LEVEL = 0;
				GCC_PREPROCESSOR_DEFINITIONS = (
					"DEBUG=1",
					"$(inherited)",
				);
				GCC_SYMBOLS_PRIVATE_EXTERN = NO;
				GCC_WARN_64_TO_32_BIT_CONVERSION = YES;
				GCC_WARN_ABOUT_RETURN_TYPE = YES_ERROR;
				GCC_WARN_UNDECLARED_SELECTOR = YES;
				GCC_WARN_UNINITIALIZED_AUTOS = YES;
				GCC_WARN_UNUSED_FUNCTION = YES;
				GCC_WARN_UNUSED_VARIABLE = YES;
				IPHONEOS_DEPLOYMENT_TARGET = 7.0;
				ONLY_ACTIVE_ARCH = YES;
				SDKROOT = iphoneos;
				TARGETED_DEVICE_FAMILY = "1,2";
			};
			name = Debug;
		};
		01C4F26C1879CF9D00CA9A41 /* Release */ = {
			isa = XCBuildConfiguration;
			buildSettings = {
				ALWAYS_SEARCH_USER_PATHS = NO;
				CLANG_CXX_LANGUAGE_STANDARD = "gnu++0x";
				CLANG_CXX_LIBRARY = "libc++";
				CLANG_ENABLE_MODULES = YES;
				CLANG_ENABLE_OBJC_ARC = YES;
				CLANG_WARN_BOOL_CONVERSION = YES;
				CLANG_WARN_CONSTANT_CONVERSION = YES;
				CLANG_WARN_DIRECT_OBJC_ISA_USAGE = YES_ERROR;
				CLANG_WARN_EMPTY_BODY = YES;
				CLANG_WARN_ENUM_CONVERSION = YES;
				CLANG_WARN_INT_CONVERSION = YES;
				CLANG_WARN_OBJC_ROOT_CLASS = YES_ERROR;
				CLANG_WARN__DUPLICATE_METHOD_MATCH = YES;
				"CODE_SIGN_IDENTITY[sdk=iphoneos*]" = "iPhone Developer";
				COPY_PHASE_STRIP = YES;
				ENABLE_NS_ASSERTIONS = NO;
				GCC_C_LANGUAGE_STANDARD = gnu99;
				GCC_WARN_64_TO_32_BIT_CONVERSION = YES;
				GCC_WARN_ABOUT_RETURN_TYPE = YES_ERROR;
				GCC_WARN_UNDECLARED_SELECTOR = YES;
				GCC_WARN_UNINITIALIZED_AUTOS = YES;
				GCC_WARN_UNUSED_FUNCTION = YES;
				GCC_WARN_UNUSED_VARIABLE = YES;
				IPHONEOS_DEPLOYMENT_TARGET = 7.0;
				SDKROOT = iphoneos;
				TARGETED_DEVICE_FAMILY = "1,2";
				VALIDATE_PRODUCT = YES;
			};
			name = Release;
		};
		01C4F26E1879CF9D00CA9A41 /* Debug */ = {
			isa = XCBuildConfiguration;
			buildSettings = {
				ASSETCATALOG_COMPILER_APPICON_NAME = AppIcon;
				ASSETCATALOG_COMPILER_LAUNCHIMAGE_NAME = LaunchImage;
				GCC_PRECOMPILE_PREFIX_HEADER = YES;
				GCC_PREFIX_HEADER = "SlidingPanelController/SlidingPanelController-Prefix.pch";
				GCC_WARN_ABOUT_MISSING_NEWLINE = YES;
				GCC_WARN_UNKNOWN_PRAGMAS = NO;
				INFOPLIST_FILE = "SlidingPanelController/SlidingPanelController-Info.plist";
				OTHER_CFLAGS = (
					"-Wall",
					"-Wextra",
				);
				PRODUCT_NAME = "$(TARGET_NAME)";
				WRAPPER_EXTENSION = app;
			};
			name = Debug;
		};
		01C4F26F1879CF9D00CA9A41 /* Release */ = {
			isa = XCBuildConfiguration;
			buildSettings = {
				ASSETCATALOG_COMPILER_APPICON_NAME = AppIcon;
				ASSETCATALOG_COMPILER_LAUNCHIMAGE_NAME = LaunchImage;
				GCC_PRECOMPILE_PREFIX_HEADER = YES;
				GCC_PREFIX_HEADER = "SlidingPanelController/SlidingPanelController-Prefix.pch";
				GCC_WARN_ABOUT_MISSING_NEWLINE = YES;
				GCC_WARN_UNKNOWN_PRAGMAS = NO;
				INFOPLIST_FILE = "SlidingPanelController/SlidingPanelController-Info.plist";
				OTHER_CFLAGS = (
					"-Wall",
					"-Wextra",
				);
				PRODUCT_NAME = "$(TARGET_NAME)";
				WRAPPER_EXTENSION = app;
			};
			name = Release;
		};
/* End XCBuildConfiguration section */

/* Begin XCConfigurationList section */
		01C4F23C1879CF9D00CA9A41 /* Build configuration list for PBXProject "SlidingPanelController" */ = {
			isa = XCConfigurationList;
			buildConfigurations = (
				01C4F26B1879CF9D00CA9A41 /* Debug */,
				01C4F26C1879CF9D00CA9A41 /* Release */,
			);
			defaultConfigurationIsVisible = 0;
			defaultConfigurationName = Release;
		};
		01C4F26D1879CF9D00CA9A41 /* Build configuration list for PBXNativeTarget "SlidingPanelController" */ = {
			isa = XCConfigurationList;
			buildConfigurations = (
				01C4F26E1879CF9D00CA9A41 /* Debug */,
				01C4F26F1879CF9D00CA9A41 /* Release */,
			);
			defaultConfigurationIsVisible = 0;
			defaultConfigurationName = Release;
		};
/* End XCConfigurationList section */
	};
	rootObject = 01C4F2391879CF9D00CA9A41 /* Project object */;
}
