<?xml version="1.0" encoding="UTF-8"?>
<Scheme
   LastUpgradeVersion = "0500"
   version = "1.7">
   <BuildAction
      parallelizeBuildables = "YES"
      buildImplicitDependencies = "YES">
      <PreActions>
         <ExecutionAction
            ActionType = "Xcode.IDEStandardExecutionActionsCore.ExecutionActionType.ShellScriptAction">
            <ActionContent
               title = "Run Script"
               scriptText = "plistFile=&quot;$SRCROOT/$INFOPLIST_FILE&quot;&#10;&#10;version=`/usr/libexec/PlistBuddy -c &quot;Print CFBundleShortVersionString&quot; &quot;$plistFile&quot;`&#10;build=`/usr/libexec/PlistBuddy -c &quot;Print CFBundleVersion&quot; &quot;$plistFile&quot;`&#10;&#10;build=&quot;0x$build&quot;&#10;build=$(($build + 1))&#10;build=`printf &quot;%X&quot; $build`&#10;&#10;/usr/libexec/PlistBuddy -c &quot;Set CFBundleVersion $build&quot; &quot;$plistFile&quot;">
               <EnvironmentBuildable>
                  <BuildableReference
                     BuildableIdentifier = "primary"
                     BlueprintIdentifier = "01C133A418C0B698004E7405"
                     BuildableName = "SlidingPanelControllerStoryboard.app"
                     BlueprintName = "SlidingPanelControllerStoryboard"
                     ReferencedContainer = "container:SlidingPanelControllerStoryboard.xcodeproj">
                  </BuildableReference>
               </EnvironmentBuildable>
            </ActionContent>
         </ExecutionAction>
      </PreActions>
      <BuildActionEntries>
         <BuildActionEntry
            buildForTesting = "YES"
            buildForRunning = "YES"
            buildForProfiling = "YES"
            buildForArchiving = "YES"
            buildForAnalyzing = "YES">
            <BuildableReference
               BuildableIdentifier = "primary"
               BlueprintIdentifier = "01C133A418C0B698004E7405"
               BuildableName = "SlidingPanelControllerStoryboard.app"
               BlueprintName = "SlidingPanelControllerStoryboard"
               ReferencedContainer = "container:SlidingPanelControllerStoryboard.xcodeproj">
            </BuildableReference>
         </BuildActionEntry>
      </BuildActionEntries>
   </BuildAction>
   <TestAction
      selectedDebuggerIdentifier = "Xcode.DebuggerFoundation.Debugger.LLDB"
      selectedLauncherIdentifier = "Xcode.DebuggerFoundation.Launcher.LLDB"
      shouldUseLaunchSchemeArgsEnv = "YES"
      buildConfiguration = "Debug">
      <Testables>
      </Testables>
      <MacroExpansion>
         <BuildableReference
            BuildableIdentifier = "primary"
            BlueprintIdentifier = "01C133A418C0B698004E7405"
            BuildableName = "SlidingPanelControllerStoryboard.app"
            BlueprintName = "SlidingPanelControllerStoryboard"
            ReferencedContainer = "container:SlidingPanelControllerStoryboard.xcodeproj">
         </BuildableReference>
      </MacroExpansion>
   </TestAction>
   <LaunchAction
      selectedDebuggerIdentifier = "Xcode.DebuggerFoundation.Debugger.LLDB"
      selectedLauncherIdentifier = "Xcode.DebuggerFoundation.Launcher.LLDB"
      launchStyle = "0"
      useCustomWorkingDirectory = "NO"
      buildConfiguration = "Debug"
      ignoresPersistentStateOnLaunch = "NO"
      debugDocumentVersioning = "YES"
      allowLocationSimulation = "YES">
      <BuildableProductRunnable>
         <BuildableReference
            BuildableIdentifier = "primary"
            BlueprintIdentifier = "01C133A418C0B698004E7405"
            BuildableName = "SlidingPanelControllerStoryboard.app"
            BlueprintName = "SlidingPanelControllerStoryboard"
            ReferencedContainer = "container:SlidingPanelControllerStoryboard.xcodeproj">
         </BuildableReference>
      </BuildableProductRunnable>
      <AdditionalOptions>
      </AdditionalOptions>
   </LaunchAction>
   <ProfileAction
      shouldUseLaunchSchemeArgsEnv = "YES"
      savedToolIdentifier = ""
      useCustomWorkingDirectory = "NO"
      buildConfiguration = "Release"
      debugDocumentVersioning = "YES">
      <BuildableProductRunnable>
         <BuildableReference
            BuildableIdentifier = "primary"
            BlueprintIdentifier = "01C133A418C0B698004E7405"
            BuildableName = "SlidingPanelControllerStoryboard.app"
            BlueprintName = "SlidingPanelControllerStoryboard"
            ReferencedContainer = "container:SlidingPanelControllerStoryboard.xcodeproj">
         </BuildableReference>
      </BuildableProductRunnable>
   </ProfileAction>
   <AnalyzeAction
      buildConfiguration = "Debug">
   </AnalyzeAction>
   <ArchiveAction
      buildConfiguration = "Release"
      revealArchiveInOrganizer = "YES">
   </ArchiveAction>
</Scheme>
